
Microsoft Visual Studio Solution File, Format Version 12.00
# Visual Studio Version 17
VisualStudioVersion = 17.7.34031.279
MinimumVisualStudioVersion = 10.0.40219.1
Project("{9A19103F-16F7-4668-BE54-9A1E7A4F7556}") = "PawMates.ParentAPI", "PawMates.ParentAPI\PawMates.ParentAPI.csproj", "{C8E8D74E-3B86-4524-B37D-249FF3ECEB41}"
EndProject
Project("{2150E333-8FDC-42A3-9474-1A3956D46DE8}") = "src", "src", "{9BA02BD1-ECD8-4803-9478-B6F0A94A2956}"
EndProject
Project("{2150E333-8FDC-42A3-9474-1A3956D46DE8}") = "API", "API", "{0FED3FE7-B203-4FFC-BF30-8CE9C815AC0A}"
EndProject
Project("{2150E333-8FDC-42A3-9474-1A3956D46DE8}") = "test", "test", "{DF13A998-67D1-4024-B6DC-87FF2F5C2BF0}"
EndProject
Project("{9A19103F-16F7-4668-BE54-9A1E7A4F7556}") = "PawMates.CORE", "PawMates.CORE\PawMates.CORE.csproj", "{C61856B4-4BC3-4537-81E2-D5C9A538D33C}"
EndProject
Project("{9A19103F-16F7-4668-BE54-9A1E7A4F7556}") = "PawMates.DAL", "PawMates.DAL\PawMates.DAL.csproj", "{99DB9E52-3941-4193-B2B0-BED2ACEAF4B0}"
EndProject
Project("{9A19103F-16F7-4668-BE54-9A1E7A4F7556}") = "PawMates.PetAPI", "PawMates.PetAPI\PawMates.PetAPI.csproj", "{CFBD9AC2-0E0C-4BB3-A1A5-43A3D635B377}"
EndProject
Project("{9A19103F-16F7-4668-BE54-9A1E7A4F7556}") = "PawMates.PlayDateAPI", "PawMates.PlayDateAPI\PawMates.PlayDateAPI.csproj", "{3590F654-1FC8-4B6B-946B-F8DFF68114AA}"
EndProject
Project("{9A19103F-16F7-4668-BE54-9A1E7A4F7556}") = "PawMates.AuthService", "PawMates.AuthService\PawMates.AuthService.csproj", "{195741D2-2615-4DDA-A50F-7F270F9FAF9B}"
EndProject
Project("{9A19103F-16F7-4668-BE54-9A1E7A4F7556}") = "PawMates.Gateway", "PawMates.Gateway\PawMates.Gateway.csproj", "{16DFFB77-09E5-4D1A-B239-7D8D4DB5C9E9}"
EndProject
Project("{9A19103F-16F7-4668-BE54-9A1E7A4F7556}") = "PawMates.DAL.Tests", "PawMates.DAL.Tests\PawMates.DAL.Tests.csproj", "{63BBC740-3E1D-4198-8EB8-1150B839DA77}"
EndProject
Project("{9A19103F-16F7-4668-BE54-9A1E7A4F7556}") = "PawMates.Integration.Tests", "PawMates.Integration.Tests\PawMates.Integration.Tests.csproj", "{516D7E9C-0587-48A0-BA98-00597483B844}"
EndProject
Project("{2150E333-8FDC-42A3-9474-1A3956D46DE8}") = "scripts", "scripts", "{6200DC25-C87D-4A9A-9802-1D611F5AAE56}"
	ProjectSection(SolutionItems) = preProject
		..\Scripts\CREATE.sql = ..\Scripts\CREATE.sql
		..\Scripts\PawMates.sql = ..\Scripts\PawMates.sql
		..\Scripts\PawMatesSeedScript.sql = ..\Scripts\PawMatesSeedScript.sql
	EndProjectSection
EndProject
Project("{9A19103F-16F7-4668-BE54-9A1E7A4F7556}") = "PawMates.LocationAPI", "PawMates.LocationAPI\PawMates.LocationAPI.csproj", "{A950E500-8A99-4095-B894-D56F4B52345C}"
EndProject
Project("{9A19103F-16F7-4668-BE54-9A1E7A4F7556}") = "PawMates.EventTypeAPI", "PawMates.EventTypeAPI\PawMates.EventTypeAPI.csproj", "{925D196E-0E6C-4B3F-9132-2089DECB2798}"
EndProject
Project("{FAE04EC0-301F-11D3-BF4B-00C04F79EFBC}") = "PawMates.PetTypeAPI", "PawMates.PetTypeAPI\PawMates.PetTypeAPI.csproj", "{495CF748-1017-4096-8A6D-C35A8A17810D}"
EndProject
Project("{FAE04EC0-301F-11D3-BF4B-00C04F79EFBC}") = "PawMates.RestrictionTypeAPI", "PawMates.RestrictionTypeAPI\PawMates.RestrictionTypeAPI.csproj", "{4C6E6220-788A-4DB0-A2C7-E3AAF2B1709C}"
EndProject
Global
	GlobalSection(SolutionConfigurationPlatforms) = preSolution
		Debug|Any CPU = Debug|Any CPU
		Release|Any CPU = Release|Any CPU
	EndGlobalSection
	GlobalSection(ProjectConfigurationPlatforms) = postSolution
		{C8E8D74E-3B86-4524-B37D-249FF3ECEB41}.Debug|Any CPU.ActiveCfg = Debug|Any CPU
		{C8E8D74E-3B86-4524-B37D-249FF3ECEB41}.Debug|Any CPU.Build.0 = Debug|Any CPU
		{C8E8D74E-3B86-4524-B37D-249FF3ECEB41}.Release|Any CPU.ActiveCfg = Release|Any CPU
		{C8E8D74E-3B86-4524-B37D-249FF3ECEB41}.Release|Any CPU.Build.0 = Release|Any CPU
		{C61856B4-4BC3-4537-81E2-D5C9A538D33C}.Debug|Any CPU.ActiveCfg = Debug|Any CPU
		{C61856B4-4BC3-4537-81E2-D5C9A538D33C}.Debug|Any CPU.Build.0 = Debug|Any CPU
		{C61856B4-4BC3-4537-81E2-D5C9A538D33C}.Release|Any CPU.ActiveCfg = Release|Any CPU
		{C61856B4-4BC3-4537-81E2-D5C9A538D33C}.Release|Any CPU.Build.0 = Release|Any CPU
		{99DB9E52-3941-4193-B2B0-BED2ACEAF4B0}.Debug|Any CPU.ActiveCfg = Debug|Any CPU
		{99DB9E52-3941-4193-B2B0-BED2ACEAF4B0}.Debug|Any CPU.Build.0 = Debug|Any CPU
		{99DB9E52-3941-4193-B2B0-BED2ACEAF4B0}.Release|Any CPU.ActiveCfg = Release|Any CPU
		{99DB9E52-3941-4193-B2B0-BED2ACEAF4B0}.Release|Any CPU.Build.0 = Release|Any CPU
		{CFBD9AC2-0E0C-4BB3-A1A5-43A3D635B377}.Debug|Any CPU.ActiveCfg = Debug|Any CPU
		{CFBD9AC2-0E0C-4BB3-A1A5-43A3D635B377}.Debug|Any CPU.Build.0 = Debug|Any CPU
		{CFBD9AC2-0E0C-4BB3-A1A5-43A3D635B377}.Release|Any CPU.ActiveCfg = Release|Any CPU
		{CFBD9AC2-0E0C-4BB3-A1A5-43A3D635B377}.Release|Any CPU.Build.0 = Release|Any CPU
		{3590F654-1FC8-4B6B-946B-F8DFF68114AA}.Debug|Any CPU.ActiveCfg = Debug|Any CPU
		{3590F654-1FC8-4B6B-946B-F8DFF68114AA}.Debug|Any CPU.Build.0 = Debug|Any CPU
		{3590F654-1FC8-4B6B-946B-F8DFF68114AA}.Release|Any CPU.ActiveCfg = Release|Any CPU
		{3590F654-1FC8-4B6B-946B-F8DFF68114AA}.Release|Any CPU.Build.0 = Release|Any CPU
		{195741D2-2615-4DDA-A50F-7F270F9FAF9B}.Debug|Any CPU.ActiveCfg = Debug|Any CPU
		{195741D2-2615-4DDA-A50F-7F270F9FAF9B}.Debug|Any CPU.Build.0 = Debug|Any CPU
		{195741D2-2615-4DDA-A50F-7F270F9FAF9B}.Release|Any CPU.ActiveCfg = Release|Any CPU
		{195741D2-2615-4DDA-A50F-7F270F9FAF9B}.Release|Any CPU.Build.0 = Release|Any CPU
		{16DFFB77-09E5-4D1A-B239-7D8D4DB5C9E9}.Debug|Any CPU.ActiveCfg = Debug|Any CPU
		{16DFFB77-09E5-4D1A-B239-7D8D4DB5C9E9}.Debug|Any CPU.Build.0 = Debug|Any CPU
		{16DFFB77-09E5-4D1A-B239-7D8D4DB5C9E9}.Release|Any CPU.ActiveCfg = Release|Any CPU
		{16DFFB77-09E5-4D1A-B239-7D8D4DB5C9E9}.Release|Any CPU.Build.0 = Release|Any CPU
		{63BBC740-3E1D-4198-8EB8-1150B839DA77}.Debug|Any CPU.ActiveCfg = Debug|Any CPU
		{63BBC740-3E1D-4198-8EB8-1150B839DA77}.Debug|Any CPU.Build.0 = Debug|Any CPU
		{63BBC740-3E1D-4198-8EB8-1150B839DA77}.Release|Any CPU.ActiveCfg = Release|Any CPU
		{63BBC740-3E1D-4198-8EB8-1150B839DA77}.Release|Any CPU.Build.0 = Release|Any CPU
		{516D7E9C-0587-48A0-BA98-00597483B844}.Debug|Any CPU.ActiveCfg = Debug|Any CPU
		{516D7E9C-0587-48A0-BA98-00597483B844}.Debug|Any CPU.Build.0 = Debug|Any CPU
		{516D7E9C-0587-48A0-BA98-00597483B844}.Release|Any CPU.ActiveCfg = Release|Any CPU
		{516D7E9C-0587-48A0-BA98-00597483B844}.Release|Any CPU.Build.0 = Release|Any CPU
		{A950E500-8A99-4095-B894-D56F4B52345C}.Debug|Any CPU.ActiveCfg = Debug|Any CPU
		{A950E500-8A99-4095-B894-D56F4B52345C}.Debug|Any CPU.Build.0 = Debug|Any CPU
		{A950E500-8A99-4095-B894-D56F4B52345C}.Release|Any CPU.ActiveCfg = Release|Any CPU
		{A950E500-8A99-4095-B894-D56F4B52345C}.Release|Any CPU.Build.0 = Release|Any CPU
		{925D196E-0E6C-4B3F-9132-2089DECB2798}.Debug|Any CPU.ActiveCfg = Debug|Any CPU
		{925D196E-0E6C-4B3F-9132-2089DECB2798}.Debug|Any CPU.Build.0 = Debug|Any CPU
		{925D196E-0E6C-4B3F-9132-2089DECB2798}.Release|Any CPU.ActiveCfg = Release|Any CPU
		{925D196E-0E6C-4B3F-9132-2089DECB2798}.Release|Any CPU.Build.0 = Release|Any CPU
		{495CF748-1017-4096-8A6D-C35A8A17810D}.Debug|Any CPU.ActiveCfg = Debug|Any CPU
		{495CF748-1017-4096-8A6D-C35A8A17810D}.Debug|Any CPU.Build.0 = Debug|Any CPU
		{495CF748-1017-4096-8A6D-C35A8A17810D}.Release|Any CPU.ActiveCfg = Release|Any CPU
		{495CF748-1017-4096-8A6D-C35A8A17810D}.Release|Any CPU.Build.0 = Release|Any CPU
		{4C6E6220-788A-4DB0-A2C7-E3AAF2B1709C}.Debug|Any CPU.ActiveCfg = Debug|Any CPU
		{4C6E6220-788A-4DB0-A2C7-E3AAF2B1709C}.Debug|Any CPU.Build.0 = Debug|Any CPU
		{4C6E6220-788A-4DB0-A2C7-E3AAF2B1709C}.Release|Any CPU.ActiveCfg = Release|Any CPU
		{4C6E6220-788A-4DB0-A2C7-E3AAF2B1709C}.Release|Any CPU.Build.0 = Release|Any CPU
	EndGlobalSection
	GlobalSection(SolutionProperties) = preSolution
		HideSolutionNode = FALSE
	EndGlobalSection
	GlobalSection(NestedProjects) = preSolution
		{C8E8D74E-3B86-4524-B37D-249FF3ECEB41} = {0FED3FE7-B203-4FFC-BF30-8CE9C815AC0A}
		{0FED3FE7-B203-4FFC-BF30-8CE9C815AC0A} = {9BA02BD1-ECD8-4803-9478-B6F0A94A2956}
		{C61856B4-4BC3-4537-81E2-D5C9A538D33C} = {9BA02BD1-ECD8-4803-9478-B6F0A94A2956}
		{99DB9E52-3941-4193-B2B0-BED2ACEAF4B0} = {9BA02BD1-ECD8-4803-9478-B6F0A94A2956}
		{CFBD9AC2-0E0C-4BB3-A1A5-43A3D635B377} = {0FED3FE7-B203-4FFC-BF30-8CE9C815AC0A}
		{3590F654-1FC8-4B6B-946B-F8DFF68114AA} = {0FED3FE7-B203-4FFC-BF30-8CE9C815AC0A}
		{195741D2-2615-4DDA-A50F-7F270F9FAF9B} = {0FED3FE7-B203-4FFC-BF30-8CE9C815AC0A}
		{16DFFB77-09E5-4D1A-B239-7D8D4DB5C9E9} = {0FED3FE7-B203-4FFC-BF30-8CE9C815AC0A}
		{63BBC740-3E1D-4198-8EB8-1150B839DA77} = {DF13A998-67D1-4024-B6DC-87FF2F5C2BF0}
		{516D7E9C-0587-48A0-BA98-00597483B844} = {DF13A998-67D1-4024-B6DC-87FF2F5C2BF0}
		{A950E500-8A99-4095-B894-D56F4B52345C} = {0FED3FE7-B203-4FFC-BF30-8CE9C815AC0A}
		{925D196E-0E6C-4B3F-9132-2089DECB2798} = {0FED3FE7-B203-4FFC-BF30-8CE9C815AC0A}
		{495CF748-1017-4096-8A6D-C35A8A17810D} = {0FED3FE7-B203-4FFC-BF30-8CE9C815AC0A}
		{4C6E6220-788A-4DB0-A2C7-E3AAF2B1709C} = {0FED3FE7-B203-4FFC-BF30-8CE9C815AC0A}
	EndGlobalSection
	GlobalSection(ExtensibilityGlobals) = postSolution
		SolutionGuid = {6A213DC1-11EE-48A6-90C4-E6B4A04F074F}
	EndGlobalSection
EndGlobal
