
Microsoft Visual Studio Solution File, Format Version 12.00
# Visual Studio Version 17
VisualStudioVersion = 17.7.34031.279
MinimumVisualStudioVersion = 10.0.40219.1
Project("{FAE04EC0-301F-11D3-BF4B-00C04F79EFBC}") = "PawMates.ParentAPI", "PawMates.ParentAPI\PawMates.ParentAPI.csproj", "{C8E8D74E-3B86-4524-B37D-249FF3ECEB41}"
EndProject
Global
	GlobalSection(SolutionConfigurationPlatforms) = preSolution
		Debug|Any CPU = Debug|Any CPU
		Release|Any CPU = Release|Any CPU
	EndGlobalSection
	GlobalSection(ProjectConfigurationPlatforms) = postSolution
		{C8E8D74E-3B86-4524-B37D-249FF3ECEB41}.Debug|Any CPU.ActiveCfg = Debug|Any CPU
		{C8E8D74E-3B86-4524-B37D-249FF3ECEB41}.Debug|Any CPU.Build.0 = Debug|Any CPU
		{C8E8D74E-3B86-4524-B37D-249FF3ECEB41}.Release|Any CPU.ActiveCfg = Release|Any CPU
		{C8E8D74E-3B86-4524-B37D-249FF3ECEB41}.Release|Any CPU.Build.0 = Release|Any CPU
	EndGlobalSection
	GlobalSection(SolutionProperties) = preSolution
		HideSolutionNode = FALSE
	EndGlobalSection
	GlobalSection(ExtensibilityGlobals) = postSolution
		SolutionGuid = {6A213DC1-11EE-48A6-90C4-E6B4A04F074F}
	EndGlobalSection
EndGlobal
